
Microsoft Visual Studio Solution File, Format Version 12.00
# Visual Studio Version 16
VisualStudioVersion = 16.0.30002.166
MinimumVisualStudioVersion = 10.0.40219.1
Project("{FAE04EC0-301F-11D3-BF4B-00C04F79EFBC}") = "Call of Duty World at War Launcher", "Call of Duty World at War Launcher.csproj", "{A10790AF-D6EB-497A-9704-F185973669EF}"
EndProject
Global
	GlobalSection(SolutionConfigurationPlatforms) = preSolution
		Debug|Any CPU = Debug|Any CPU
		Release|Any CPU = Release|Any CPU
	EndGlobalSection
	GlobalSection(ProjectConfigurationPlatforms) = postSolution
		{A10790AF-D6EB-497A-9704-F185973669EF}.Debug|Any CPU.ActiveCfg = Debug|Any CPU
		{A10790AF-D6EB-497A-9704-F185973669EF}.Debug|Any CPU.Build.0 = Debug|Any CPU
		{A10790AF-D6EB-497A-9704-F185973669EF}.Release|Any CPU.ActiveCfg = Release|Any CPU
		{A10790AF-D6EB-497A-9704-F185973669EF}.Release|Any CPU.Build.0 = Release|Any CPU
	EndGlobalSection
	GlobalSection(SolutionProperties) = preSolution
		HideSolutionNode = FALSE
	EndGlobalSection
	GlobalSection(ExtensibilityGlobals) = postSolution
		SolutionGuid = {8C625F90-D426-445C-AD59-0E9BE52EE8D5}
	EndGlobalSection
EndGlobal
